
Microsoft Visual Studio Solution File, Format Version 12.00
Project("{FAE04EC0-301F-11D3-BF4B-00C04F79EFBC}") = "Tutorial.MassTransit", "Tutorial.MassTransit\Tutorial.MassTransit.csproj", "{BF422CAF-717F-4EAE-9CCF-F42BB3B57139}"
EndProject
Global
	GlobalSection(SolutionConfigurationPlatforms) = preSolution
		Debug|Any CPU = Debug|Any CPU
		Release|Any CPU = Release|Any CPU
	EndGlobalSection
	GlobalSection(ProjectConfigurationPlatforms) = postSolution
		{BF422CAF-717F-4EAE-9CCF-F42BB3B57139}.Debug|Any CPU.ActiveCfg = Debug|Any CPU
		{BF422CAF-717F-4EAE-9CCF-F42BB3B57139}.Debug|Any CPU.Build.0 = Debug|Any CPU
		{BF422CAF-717F-4EAE-9CCF-F42BB3B57139}.Release|Any CPU.ActiveCfg = Release|Any CPU
		{BF422CAF-717F-4EAE-9CCF-F42BB3B57139}.Release|Any CPU.Build.0 = Release|Any CPU
	EndGlobalSection
EndGlobal
